
Microsoft Visual Studio Solution File, Format Version 12.00
# Visual Studio Version 16
VisualStudioVersion = 16.0.31321.278
MinimumVisualStudioVersion = 10.0.40219.1
Project("{FAE04EC0-301F-11D3-BF4B-00C04F79EFBC}") = "Tabuada com while", "Tabuada com while.csproj", "{A373EAEC-0B95-48F0-849D-85898705C382}"
EndProject
Global
	GlobalSection(SolutionConfigurationPlatforms) = preSolution
		Debug|Any CPU = Debug|Any CPU
		Release|Any CPU = Release|Any CPU
	EndGlobalSection
	GlobalSection(ProjectConfigurationPlatforms) = postSolution
		{A373EAEC-0B95-48F0-849D-85898705C382}.Debug|Any CPU.ActiveCfg = Debug|Any CPU
		{A373EAEC-0B95-48F0-849D-85898705C382}.Debug|Any CPU.Build.0 = Debug|Any CPU
		{A373EAEC-0B95-48F0-849D-85898705C382}.Release|Any CPU.ActiveCfg = Release|Any CPU
		{A373EAEC-0B95-48F0-849D-85898705C382}.Release|Any CPU.Build.0 = Release|Any CPU
	EndGlobalSection
	GlobalSection(SolutionProperties) = preSolution
		HideSolutionNode = FALSE
	EndGlobalSection
	GlobalSection(ExtensibilityGlobals) = postSolution
		SolutionGuid = {6031985A-4457-465D-B23E-49BEA37B481A}
	EndGlobalSection
EndGlobal
