
Microsoft Visual Studio Solution File, Format Version 12.00
# Visual Studio Version 16
VisualStudioVersion = 16.0.31321.278
MinimumVisualStudioVersion = 10.0.40219.1
Project("{FAE04EC0-301F-11D3-BF4B-00C04F79EFBC}") = "Ex4 (if,else)", "Ex4 (if,else).csproj", "{C07E9618-7FA2-4424-ACBA-04C5B1BAD603}"
EndProject
Global
	GlobalSection(SolutionConfigurationPlatforms) = preSolution
		Debug|Any CPU = Debug|Any CPU
		Release|Any CPU = Release|Any CPU
	EndGlobalSection
	GlobalSection(ProjectConfigurationPlatforms) = postSolution
		{C07E9618-7FA2-4424-ACBA-04C5B1BAD603}.Debug|Any CPU.ActiveCfg = Debug|Any CPU
		{C07E9618-7FA2-4424-ACBA-04C5B1BAD603}.Debug|Any CPU.Build.0 = Debug|Any CPU
		{C07E9618-7FA2-4424-ACBA-04C5B1BAD603}.Release|Any CPU.ActiveCfg = Release|Any CPU
		{C07E9618-7FA2-4424-ACBA-04C5B1BAD603}.Release|Any CPU.Build.0 = Release|Any CPU
	EndGlobalSection
	GlobalSection(SolutionProperties) = preSolution
		HideSolutionNode = FALSE
	EndGlobalSection
	GlobalSection(ExtensibilityGlobals) = postSolution
		SolutionGuid = {59760E33-4022-44F0-918D-9F5F423C7A65}
	EndGlobalSection
EndGlobal
