
Microsoft Visual Studio Solution File, Format Version 12.00
# Visual Studio Version 16
VisualStudioVersion = 16.0.31321.278
MinimumVisualStudioVersion = 10.0.40219.1
Project("{FAE04EC0-301F-11D3-BF4B-00C04F79EFBC}") = "Ex1 (while)", "Ex1 (while).csproj", "{4993F6B1-1ADA-4403-8093-EBF50E24FC6E}"
EndProject
Global
	GlobalSection(SolutionConfigurationPlatforms) = preSolution
		Debug|Any CPU = Debug|Any CPU
		Release|Any CPU = Release|Any CPU
	EndGlobalSection
	GlobalSection(ProjectConfigurationPlatforms) = postSolution
		{4993F6B1-1ADA-4403-8093-EBF50E24FC6E}.Debug|Any CPU.ActiveCfg = Debug|Any CPU
		{4993F6B1-1ADA-4403-8093-EBF50E24FC6E}.Debug|Any CPU.Build.0 = Debug|Any CPU
		{4993F6B1-1ADA-4403-8093-EBF50E24FC6E}.Release|Any CPU.ActiveCfg = Release|Any CPU
		{4993F6B1-1ADA-4403-8093-EBF50E24FC6E}.Release|Any CPU.Build.0 = Release|Any CPU
	EndGlobalSection
	GlobalSection(SolutionProperties) = preSolution
		HideSolutionNode = FALSE
	EndGlobalSection
	GlobalSection(ExtensibilityGlobals) = postSolution
		SolutionGuid = {FEA6EA7A-07C4-4526-92BF-A3CB7801D1D6}
	EndGlobalSection
EndGlobal
