
Microsoft Visual Studio Solution File, Format Version 12.00
# Visual Studio Version 16
VisualStudioVersion = 16.0.31424.327
MinimumVisualStudioVersion = 10.0.40219.1
Project("{FAE04EC0-301F-11D3-BF4B-00C04F79EFBC}") = "Ex6-Funções-Métodos", "Ex6-Funções-Métodos.csproj", "{CD27287E-C48D-4287-8B31-184B4ACF9E1D}"
EndProject
Global
	GlobalSection(SolutionConfigurationPlatforms) = preSolution
		Debug|Any CPU = Debug|Any CPU
		Release|Any CPU = Release|Any CPU
	EndGlobalSection
	GlobalSection(ProjectConfigurationPlatforms) = postSolution
		{CD27287E-C48D-4287-8B31-184B4ACF9E1D}.Debug|Any CPU.ActiveCfg = Debug|Any CPU
		{CD27287E-C48D-4287-8B31-184B4ACF9E1D}.Debug|Any CPU.Build.0 = Debug|Any CPU
		{CD27287E-C48D-4287-8B31-184B4ACF9E1D}.Release|Any CPU.ActiveCfg = Release|Any CPU
		{CD27287E-C48D-4287-8B31-184B4ACF9E1D}.Release|Any CPU.Build.0 = Release|Any CPU
	EndGlobalSection
	GlobalSection(SolutionProperties) = preSolution
		HideSolutionNode = FALSE
	EndGlobalSection
	GlobalSection(ExtensibilityGlobals) = postSolution
		SolutionGuid = {14CEF10F-82D8-4013-A3DA-EE4DA2F083DB}
	EndGlobalSection
EndGlobal
