
Microsoft Visual Studio Solution File, Format Version 12.00
# Visual Studio Version 16
VisualStudioVersion = 16.0.31321.278
MinimumVisualStudioVersion = 10.0.40219.1
Project("{FAE04EC0-301F-11D3-BF4B-00C04F79EFBC}") = "fatorial2", "fatorial2.csproj", "{2C256F5C-4AD4-4F57-9180-4570F78BCF15}"
EndProject
Global
	GlobalSection(SolutionConfigurationPlatforms) = preSolution
		Debug|Any CPU = Debug|Any CPU
		Release|Any CPU = Release|Any CPU
	EndGlobalSection
	GlobalSection(ProjectConfigurationPlatforms) = postSolution
		{2C256F5C-4AD4-4F57-9180-4570F78BCF15}.Debug|Any CPU.ActiveCfg = Debug|Any CPU
		{2C256F5C-4AD4-4F57-9180-4570F78BCF15}.Debug|Any CPU.Build.0 = Debug|Any CPU
		{2C256F5C-4AD4-4F57-9180-4570F78BCF15}.Release|Any CPU.ActiveCfg = Release|Any CPU
		{2C256F5C-4AD4-4F57-9180-4570F78BCF15}.Release|Any CPU.Build.0 = Release|Any CPU
	EndGlobalSection
	GlobalSection(SolutionProperties) = preSolution
		HideSolutionNode = FALSE
	EndGlobalSection
	GlobalSection(ExtensibilityGlobals) = postSolution
		SolutionGuid = {FF1154E5-905F-4B47-832C-FA220C3335A4}
	EndGlobalSection
EndGlobal
