
Microsoft Visual Studio Solution File, Format Version 12.00
# Visual Studio Version 16
VisualStudioVersion = 16.0.31321.278
MinimumVisualStudioVersion = 10.0.40219.1
Project("{FAE04EC0-301F-11D3-BF4B-00C04F79EFBC}") = "Exercício8 (if,else)", "Exercício8 (if,else).csproj", "{A8F2C392-3C03-4290-8A8C-0E2D3035F416}"
EndProject
Global
	GlobalSection(SolutionConfigurationPlatforms) = preSolution
		Debug|Any CPU = Debug|Any CPU
		Release|Any CPU = Release|Any CPU
	EndGlobalSection
	GlobalSection(ProjectConfigurationPlatforms) = postSolution
		{A8F2C392-3C03-4290-8A8C-0E2D3035F416}.Debug|Any CPU.ActiveCfg = Debug|Any CPU
		{A8F2C392-3C03-4290-8A8C-0E2D3035F416}.Debug|Any CPU.Build.0 = Debug|Any CPU
		{A8F2C392-3C03-4290-8A8C-0E2D3035F416}.Release|Any CPU.ActiveCfg = Release|Any CPU
		{A8F2C392-3C03-4290-8A8C-0E2D3035F416}.Release|Any CPU.Build.0 = Release|Any CPU
	EndGlobalSection
	GlobalSection(SolutionProperties) = preSolution
		HideSolutionNode = FALSE
	EndGlobalSection
	GlobalSection(ExtensibilityGlobals) = postSolution
		SolutionGuid = {8EC5C438-C84E-4AEC-B668-7EEE08F66C1B}
	EndGlobalSection
EndGlobal
