
Microsoft Visual Studio Solution File, Format Version 12.00
# Visual Studio Version 16
VisualStudioVersion = 16.0.31424.327
MinimumVisualStudioVersion = 10.0.40219.1
Project("{FAE04EC0-301F-11D3-BF4B-00C04F79EFBC}") = "Calculadora Simples", "Calculadora Simples.csproj", "{D711B4EC-3F0C-4ACA-9AC0-61716B72E170}"
EndProject
Global
	GlobalSection(SolutionConfigurationPlatforms) = preSolution
		Debug|Any CPU = Debug|Any CPU
		Release|Any CPU = Release|Any CPU
	EndGlobalSection
	GlobalSection(ProjectConfigurationPlatforms) = postSolution
		{D711B4EC-3F0C-4ACA-9AC0-61716B72E170}.Debug|Any CPU.ActiveCfg = Debug|Any CPU
		{D711B4EC-3F0C-4ACA-9AC0-61716B72E170}.Debug|Any CPU.Build.0 = Debug|Any CPU
		{D711B4EC-3F0C-4ACA-9AC0-61716B72E170}.Release|Any CPU.ActiveCfg = Release|Any CPU
		{D711B4EC-3F0C-4ACA-9AC0-61716B72E170}.Release|Any CPU.Build.0 = Release|Any CPU
	EndGlobalSection
	GlobalSection(SolutionProperties) = preSolution
		HideSolutionNode = FALSE
	EndGlobalSection
	GlobalSection(ExtensibilityGlobals) = postSolution
		SolutionGuid = {D5882280-BE9E-4BA1-9194-B40D81582764}
	EndGlobalSection
EndGlobal
