
Microsoft Visual Studio Solution File, Format Version 12.00
# Visual Studio Version 16
VisualStudioVersion = 16.0.31424.327
MinimumVisualStudioVersion = 10.0.40219.1
Project("{FAE04EC0-301F-11D3-BF4B-00C04F79EFBC}") = "Ex1-Matrizes", "Ex1-Matrizes.csproj", "{39F400BD-B92D-4CB8-B98C-533848AD2325}"
EndProject
Global
	GlobalSection(SolutionConfigurationPlatforms) = preSolution
		Debug|Any CPU = Debug|Any CPU
		Release|Any CPU = Release|Any CPU
	EndGlobalSection
	GlobalSection(ProjectConfigurationPlatforms) = postSolution
		{39F400BD-B92D-4CB8-B98C-533848AD2325}.Debug|Any CPU.ActiveCfg = Debug|Any CPU
		{39F400BD-B92D-4CB8-B98C-533848AD2325}.Debug|Any CPU.Build.0 = Debug|Any CPU
		{39F400BD-B92D-4CB8-B98C-533848AD2325}.Release|Any CPU.ActiveCfg = Release|Any CPU
		{39F400BD-B92D-4CB8-B98C-533848AD2325}.Release|Any CPU.Build.0 = Release|Any CPU
	EndGlobalSection
	GlobalSection(SolutionProperties) = preSolution
		HideSolutionNode = FALSE
	EndGlobalSection
	GlobalSection(ExtensibilityGlobals) = postSolution
		SolutionGuid = {EAFB2355-6589-4BBF-85CB-B9F0A5EBEF2D}
	EndGlobalSection
EndGlobal
