
Microsoft Visual Studio Solution File, Format Version 12.00
# Visual Studio Version 16
VisualStudioVersion = 16.0.31321.278
MinimumVisualStudioVersion = 10.0.40219.1
Project("{FAE04EC0-301F-11D3-BF4B-00C04F79EFBC}") = "ArrayComNumerosInteiros", "ArrayComNumerosInteiros.csproj", "{5DBE1744-006E-4F0C-86AF-E95F9438BEE2}"
EndProject
Global
	GlobalSection(SolutionConfigurationPlatforms) = preSolution
		Debug|Any CPU = Debug|Any CPU
		Release|Any CPU = Release|Any CPU
	EndGlobalSection
	GlobalSection(ProjectConfigurationPlatforms) = postSolution
		{5DBE1744-006E-4F0C-86AF-E95F9438BEE2}.Debug|Any CPU.ActiveCfg = Debug|Any CPU
		{5DBE1744-006E-4F0C-86AF-E95F9438BEE2}.Debug|Any CPU.Build.0 = Debug|Any CPU
		{5DBE1744-006E-4F0C-86AF-E95F9438BEE2}.Release|Any CPU.ActiveCfg = Release|Any CPU
		{5DBE1744-006E-4F0C-86AF-E95F9438BEE2}.Release|Any CPU.Build.0 = Release|Any CPU
	EndGlobalSection
	GlobalSection(SolutionProperties) = preSolution
		HideSolutionNode = FALSE
	EndGlobalSection
	GlobalSection(ExtensibilityGlobals) = postSolution
		SolutionGuid = {E8A0411A-761F-48DB-9DC8-5018344383E9}
	EndGlobalSection
EndGlobal
