
Microsoft Visual Studio Solution File, Format Version 12.00
# Visual Studio Version 16
VisualStudioVersion = 16.0.31321.278
MinimumVisualStudioVersion = 10.0.40219.1
Project("{FAE04EC0-301F-11D3-BF4B-00C04F79EFBC}") = "Aula04", "Aula04.csproj", "{FAF80402-5B84-4A2B-B344-FE57B984439D}"
EndProject
Global
	GlobalSection(SolutionConfigurationPlatforms) = preSolution
		Debug|Any CPU = Debug|Any CPU
		Release|Any CPU = Release|Any CPU
	EndGlobalSection
	GlobalSection(ProjectConfigurationPlatforms) = postSolution
		{FAF80402-5B84-4A2B-B344-FE57B984439D}.Debug|Any CPU.ActiveCfg = Debug|Any CPU
		{FAF80402-5B84-4A2B-B344-FE57B984439D}.Debug|Any CPU.Build.0 = Debug|Any CPU
		{FAF80402-5B84-4A2B-B344-FE57B984439D}.Release|Any CPU.ActiveCfg = Release|Any CPU
		{FAF80402-5B84-4A2B-B344-FE57B984439D}.Release|Any CPU.Build.0 = Release|Any CPU
	EndGlobalSection
	GlobalSection(SolutionProperties) = preSolution
		HideSolutionNode = FALSE
	EndGlobalSection
	GlobalSection(ExtensibilityGlobals) = postSolution
		SolutionGuid = {8B819D81-FC36-4804-B230-A989C8F7335B}
	EndGlobalSection
EndGlobal
