
Microsoft Visual Studio Solution File, Format Version 12.00
# Visual Studio Version 16
VisualStudioVersion = 16.0.31321.278
MinimumVisualStudioVersion = 10.0.40219.1
Project("{FAE04EC0-301F-11D3-BF4B-00C04F79EFBC}") = "Ex2 (while,for)", "Ex2 (while,for).csproj", "{844D68F4-71F9-4449-9C91-6693D9DB5BED}"
EndProject
Global
	GlobalSection(SolutionConfigurationPlatforms) = preSolution
		Debug|Any CPU = Debug|Any CPU
		Release|Any CPU = Release|Any CPU
	EndGlobalSection
	GlobalSection(ProjectConfigurationPlatforms) = postSolution
		{844D68F4-71F9-4449-9C91-6693D9DB5BED}.Debug|Any CPU.ActiveCfg = Debug|Any CPU
		{844D68F4-71F9-4449-9C91-6693D9DB5BED}.Debug|Any CPU.Build.0 = Debug|Any CPU
		{844D68F4-71F9-4449-9C91-6693D9DB5BED}.Release|Any CPU.ActiveCfg = Release|Any CPU
		{844D68F4-71F9-4449-9C91-6693D9DB5BED}.Release|Any CPU.Build.0 = Release|Any CPU
	EndGlobalSection
	GlobalSection(SolutionProperties) = preSolution
		HideSolutionNode = FALSE
	EndGlobalSection
	GlobalSection(ExtensibilityGlobals) = postSolution
		SolutionGuid = {2E618EEE-177F-471C-A775-A39249F3332A}
	EndGlobalSection
EndGlobal
