
Microsoft Visual Studio Solution File, Format Version 12.00
# Visual Studio Version 16
VisualStudioVersion = 16.0.31321.278
MinimumVisualStudioVersion = 10.0.40219.1
Project("{FAE04EC0-301F-11D3-BF4B-00C04F79EFBC}") = "Ex8 (while,for)", "Ex8 (while,for).csproj", "{442054B2-6555-49D5-B47D-10B8C4E08B84}"
EndProject
Global
	GlobalSection(SolutionConfigurationPlatforms) = preSolution
		Debug|Any CPU = Debug|Any CPU
		Release|Any CPU = Release|Any CPU
	EndGlobalSection
	GlobalSection(ProjectConfigurationPlatforms) = postSolution
		{442054B2-6555-49D5-B47D-10B8C4E08B84}.Debug|Any CPU.ActiveCfg = Debug|Any CPU
		{442054B2-6555-49D5-B47D-10B8C4E08B84}.Debug|Any CPU.Build.0 = Debug|Any CPU
		{442054B2-6555-49D5-B47D-10B8C4E08B84}.Release|Any CPU.ActiveCfg = Release|Any CPU
		{442054B2-6555-49D5-B47D-10B8C4E08B84}.Release|Any CPU.Build.0 = Release|Any CPU
	EndGlobalSection
	GlobalSection(SolutionProperties) = preSolution
		HideSolutionNode = FALSE
	EndGlobalSection
	GlobalSection(ExtensibilityGlobals) = postSolution
		SolutionGuid = {C1337619-2E1C-4B4E-92B7-6BB49E85A26B}
	EndGlobalSection
EndGlobal
