
Microsoft Visual Studio Solution File, Format Version 12.00
# Visual Studio Version 16
VisualStudioVersion = 16.0.31424.327
MinimumVisualStudioVersion = 10.0.40219.1
Project("{FAE04EC0-301F-11D3-BF4B-00C04F79EFBC}") = "Ex9 (array,while)", "Ex9 (array,while).csproj", "{30F33610-3C03-4B2C-A21E-12B755263AD3}"
EndProject
Global
	GlobalSection(SolutionConfigurationPlatforms) = preSolution
		Debug|Any CPU = Debug|Any CPU
		Release|Any CPU = Release|Any CPU
	EndGlobalSection
	GlobalSection(ProjectConfigurationPlatforms) = postSolution
		{30F33610-3C03-4B2C-A21E-12B755263AD3}.Debug|Any CPU.ActiveCfg = Debug|Any CPU
		{30F33610-3C03-4B2C-A21E-12B755263AD3}.Debug|Any CPU.Build.0 = Debug|Any CPU
		{30F33610-3C03-4B2C-A21E-12B755263AD3}.Release|Any CPU.ActiveCfg = Release|Any CPU
		{30F33610-3C03-4B2C-A21E-12B755263AD3}.Release|Any CPU.Build.0 = Release|Any CPU
	EndGlobalSection
	GlobalSection(SolutionProperties) = preSolution
		HideSolutionNode = FALSE
	EndGlobalSection
	GlobalSection(ExtensibilityGlobals) = postSolution
		SolutionGuid = {D8EA4372-37F8-4CCC-9211-EEC53194BC71}
	EndGlobalSection
EndGlobal
