
Microsoft Visual Studio Solution File, Format Version 12.00
# Visual Studio Version 16
VisualStudioVersion = 16.0.31321.278
MinimumVisualStudioVersion = 10.0.40219.1
Project("{FAE04EC0-301F-11D3-BF4B-00C04F79EFBC}") = "Ex Diferente", "Ex Diferente.csproj", "{D1B98DFF-B6A3-4702-90BC-2DFF4C23076B}"
EndProject
Global
	GlobalSection(SolutionConfigurationPlatforms) = preSolution
		Debug|Any CPU = Debug|Any CPU
		Release|Any CPU = Release|Any CPU
	EndGlobalSection
	GlobalSection(ProjectConfigurationPlatforms) = postSolution
		{D1B98DFF-B6A3-4702-90BC-2DFF4C23076B}.Debug|Any CPU.ActiveCfg = Debug|Any CPU
		{D1B98DFF-B6A3-4702-90BC-2DFF4C23076B}.Debug|Any CPU.Build.0 = Debug|Any CPU
		{D1B98DFF-B6A3-4702-90BC-2DFF4C23076B}.Release|Any CPU.ActiveCfg = Release|Any CPU
		{D1B98DFF-B6A3-4702-90BC-2DFF4C23076B}.Release|Any CPU.Build.0 = Release|Any CPU
	EndGlobalSection
	GlobalSection(SolutionProperties) = preSolution
		HideSolutionNode = FALSE
	EndGlobalSection
	GlobalSection(ExtensibilityGlobals) = postSolution
		SolutionGuid = {CEB0D4C9-2B30-4056-A408-477445D58397}
	EndGlobalSection
EndGlobal
