
Microsoft Visual Studio Solution File, Format Version 12.00
# Visual Studio Version 16
VisualStudioVersion = 16.0.31321.278
MinimumVisualStudioVersion = 10.0.40219.1
Project("{FAE04EC0-301F-11D3-BF4B-00C04F79EFBC}") = "Ex18 (if,else)", "Ex18 (if,else).csproj", "{9046040C-D97A-4082-9CFC-415674699B0B}"
EndProject
Global
	GlobalSection(SolutionConfigurationPlatforms) = preSolution
		Debug|Any CPU = Debug|Any CPU
		Release|Any CPU = Release|Any CPU
	EndGlobalSection
	GlobalSection(ProjectConfigurationPlatforms) = postSolution
		{9046040C-D97A-4082-9CFC-415674699B0B}.Debug|Any CPU.ActiveCfg = Debug|Any CPU
		{9046040C-D97A-4082-9CFC-415674699B0B}.Debug|Any CPU.Build.0 = Debug|Any CPU
		{9046040C-D97A-4082-9CFC-415674699B0B}.Release|Any CPU.ActiveCfg = Release|Any CPU
		{9046040C-D97A-4082-9CFC-415674699B0B}.Release|Any CPU.Build.0 = Release|Any CPU
	EndGlobalSection
	GlobalSection(SolutionProperties) = preSolution
		HideSolutionNode = FALSE
	EndGlobalSection
	GlobalSection(ExtensibilityGlobals) = postSolution
		SolutionGuid = {38D7E970-45EB-49CB-9234-E3DF4B78CF28}
	EndGlobalSection
EndGlobal
