
Microsoft Visual Studio Solution File, Format Version 12.00
# Visual Studio Version 16
VisualStudioVersion = 16.0.31321.278
MinimumVisualStudioVersion = 10.0.40219.1
Project("{FAE04EC0-301F-11D3-BF4B-00C04F79EFBC}") = "Raio-Altura", "Raio-Altura.csproj", "{42F7FE8D-80B1-4336-9273-E22EB4C6A309}"
EndProject
Global
	GlobalSection(SolutionConfigurationPlatforms) = preSolution
		Debug|Any CPU = Debug|Any CPU
		Release|Any CPU = Release|Any CPU
	EndGlobalSection
	GlobalSection(ProjectConfigurationPlatforms) = postSolution
		{42F7FE8D-80B1-4336-9273-E22EB4C6A309}.Debug|Any CPU.ActiveCfg = Debug|Any CPU
		{42F7FE8D-80B1-4336-9273-E22EB4C6A309}.Debug|Any CPU.Build.0 = Debug|Any CPU
		{42F7FE8D-80B1-4336-9273-E22EB4C6A309}.Release|Any CPU.ActiveCfg = Release|Any CPU
		{42F7FE8D-80B1-4336-9273-E22EB4C6A309}.Release|Any CPU.Build.0 = Release|Any CPU
	EndGlobalSection
	GlobalSection(SolutionProperties) = preSolution
		HideSolutionNode = FALSE
	EndGlobalSection
	GlobalSection(ExtensibilityGlobals) = postSolution
		SolutionGuid = {E0EC8EC8-73C8-4CE0-BDE0-8347B526A847}
	EndGlobalSection
EndGlobal
